
Microsoft Visual Studio Solution File, Format Version 12.00
# Visual Studio Version 17
VisualStudioVersion = 17.12.35527.113 d17.12
MinimumVisualStudioVersion = 10.0.40219.1
Project("{FAE04EC0-301F-11D3-BF4B-00C04F79EFBC}") = "ConsoleAppC#", "ConsoleAppC#\ConsoleAppC#.csproj", "{2DDD1B8E-EA5D-4BA4-BD52-AEC2A34CD08B}"
EndProject
Project("{F184B08F-C81C-45F6-A57F-5ABD9991F28F}") = "ConsoleAppVb", "ConsoleAppVb\ConsoleAppVb.vbproj", "{DAECAA58-2FEF-4CC9-A640-9E8FAA981B17}"
EndProject
Project("{8BC9CEB8-8B4A-11D0-8D11-00A0C91BC942}") = "ConsoleAppC++", "ConsoleAppC++\ConsoleAppC++.vcxproj", "{8FEEDAE9-B98D-43EB-83CE-73F61B6760E1}"
EndProject
Project("{F2A71F9B-5D33-465A-A702-920D77279786}") = "ConsoleAppF#", "ConsoleAppF#\ConsoleAppF#.fsproj", "{DA44EB86-1BE5-4929-91AF-0BCBCC9F965C}"
EndProject
Project("{888888A0-9F3D-457C-B088-3A5042F75D52}") = "PythonApplication1", "PythonApplication1\PythonApplication1.pyproj", "{27090115-AAC4-49A9-B92B-060F468AE768}"
EndProject
Global
	GlobalSection(SolutionConfigurationPlatforms) = preSolution
		Debug|Any CPU = Debug|Any CPU
		Debug|x64 = Debug|x64
		Debug|x86 = Debug|x86
		Release|Any CPU = Release|Any CPU
		Release|x64 = Release|x64
		Release|x86 = Release|x86
	EndGlobalSection
	GlobalSection(ProjectConfigurationPlatforms) = postSolution
		{2DDD1B8E-EA5D-4BA4-BD52-AEC2A34CD08B}.Debug|Any CPU.ActiveCfg = Debug|Any CPU
		{2DDD1B8E-EA5D-4BA4-BD52-AEC2A34CD08B}.Debug|Any CPU.Build.0 = Debug|Any CPU
		{2DDD1B8E-EA5D-4BA4-BD52-AEC2A34CD08B}.Debug|x64.ActiveCfg = Debug|Any CPU
		{2DDD1B8E-EA5D-4BA4-BD52-AEC2A34CD08B}.Debug|x64.Build.0 = Debug|Any CPU
		{2DDD1B8E-EA5D-4BA4-BD52-AEC2A34CD08B}.Debug|x86.ActiveCfg = Debug|Any CPU
		{2DDD1B8E-EA5D-4BA4-BD52-AEC2A34CD08B}.Debug|x86.Build.0 = Debug|Any CPU
		{2DDD1B8E-EA5D-4BA4-BD52-AEC2A34CD08B}.Release|Any CPU.ActiveCfg = Release|Any CPU
		{2DDD1B8E-EA5D-4BA4-BD52-AEC2A34CD08B}.Release|Any CPU.Build.0 = Release|Any CPU
		{2DDD1B8E-EA5D-4BA4-BD52-AEC2A34CD08B}.Release|x64.ActiveCfg = Release|Any CPU
		{2DDD1B8E-EA5D-4BA4-BD52-AEC2A34CD08B}.Release|x64.Build.0 = Release|Any CPU
		{2DDD1B8E-EA5D-4BA4-BD52-AEC2A34CD08B}.Release|x86.ActiveCfg = Release|Any CPU
		{2DDD1B8E-EA5D-4BA4-BD52-AEC2A34CD08B}.Release|x86.Build.0 = Release|Any CPU
		{DAECAA58-2FEF-4CC9-A640-9E8FAA981B17}.Debug|Any CPU.ActiveCfg = Debug|Any CPU
		{DAECAA58-2FEF-4CC9-A640-9E8FAA981B17}.Debug|Any CPU.Build.0 = Debug|Any CPU
		{DAECAA58-2FEF-4CC9-A640-9E8FAA981B17}.Debug|x64.ActiveCfg = Debug|Any CPU
		{DAECAA58-2FEF-4CC9-A640-9E8FAA981B17}.Debug|x64.Build.0 = Debug|Any CPU
		{DAECAA58-2FEF-4CC9-A640-9E8FAA981B17}.Debug|x86.ActiveCfg = Debug|Any CPU
		{DAECAA58-2FEF-4CC9-A640-9E8FAA981B17}.Debug|x86.Build.0 = Debug|Any CPU
		{DAECAA58-2FEF-4CC9-A640-9E8FAA981B17}.Release|Any CPU.ActiveCfg = Release|Any CPU
		{DAECAA58-2FEF-4CC9-A640-9E8FAA981B17}.Release|Any CPU.Build.0 = Release|Any CPU
		{DAECAA58-2FEF-4CC9-A640-9E8FAA981B17}.Release|x64.ActiveCfg = Release|Any CPU
		{DAECAA58-2FEF-4CC9-A640-9E8FAA981B17}.Release|x64.Build.0 = Release|Any CPU
		{DAECAA58-2FEF-4CC9-A640-9E8FAA981B17}.Release|x86.ActiveCfg = Release|Any CPU
		{DAECAA58-2FEF-4CC9-A640-9E8FAA981B17}.Release|x86.Build.0 = Release|Any CPU
		{8FEEDAE9-B98D-43EB-83CE-73F61B6760E1}.Debug|Any CPU.ActiveCfg = Debug|x64
		{8FEEDAE9-B98D-43EB-83CE-73F61B6760E1}.Debug|Any CPU.Build.0 = Debug|x64
		{8FEEDAE9-B98D-43EB-83CE-73F61B6760E1}.Debug|x64.ActiveCfg = Debug|x64
		{8FEEDAE9-B98D-43EB-83CE-73F61B6760E1}.Debug|x64.Build.0 = Debug|x64
		{8FEEDAE9-B98D-43EB-83CE-73F61B6760E1}.Debug|x86.ActiveCfg = Debug|Win32
		{8FEEDAE9-B98D-43EB-83CE-73F61B6760E1}.Debug|x86.Build.0 = Debug|Win32
		{8FEEDAE9-B98D-43EB-83CE-73F61B6760E1}.Release|Any CPU.ActiveCfg = Release|x64
		{8FEEDAE9-B98D-43EB-83CE-73F61B6760E1}.Release|Any CPU.Build.0 = Release|x64
		{8FEEDAE9-B98D-43EB-83CE-73F61B6760E1}.Release|x64.ActiveCfg = Release|x64
		{8FEEDAE9-B98D-43EB-83CE-73F61B6760E1}.Release|x64.Build.0 = Release|x64
		{8FEEDAE9-B98D-43EB-83CE-73F61B6760E1}.Release|x86.ActiveCfg = Release|Win32
		{8FEEDAE9-B98D-43EB-83CE-73F61B6760E1}.Release|x86.Build.0 = Release|Win32
		{DA44EB86-1BE5-4929-91AF-0BCBCC9F965C}.Debug|Any CPU.ActiveCfg = Debug|Any CPU
		{DA44EB86-1BE5-4929-91AF-0BCBCC9F965C}.Debug|Any CPU.Build.0 = Debug|Any CPU
		{DA44EB86-1BE5-4929-91AF-0BCBCC9F965C}.Debug|x64.ActiveCfg = Debug|Any CPU
		{DA44EB86-1BE5-4929-91AF-0BCBCC9F965C}.Debug|x64.Build.0 = Debug|Any CPU
		{DA44EB86-1BE5-4929-91AF-0BCBCC9F965C}.Debug|x86.ActiveCfg = Debug|Any CPU
		{DA44EB86-1BE5-4929-91AF-0BCBCC9F965C}.Debug|x86.Build.0 = Debug|Any CPU
		{DA44EB86-1BE5-4929-91AF-0BCBCC9F965C}.Release|Any CPU.ActiveCfg = Release|Any CPU
		{DA44EB86-1BE5-4929-91AF-0BCBCC9F965C}.Release|Any CPU.Build.0 = Release|Any CPU
		{DA44EB86-1BE5-4929-91AF-0BCBCC9F965C}.Release|x64.ActiveCfg = Release|Any CPU
		{DA44EB86-1BE5-4929-91AF-0BCBCC9F965C}.Release|x64.Build.0 = Release|Any CPU
		{DA44EB86-1BE5-4929-91AF-0BCBCC9F965C}.Release|x86.ActiveCfg = Release|Any CPU
		{DA44EB86-1BE5-4929-91AF-0BCBCC9F965C}.Release|x86.Build.0 = Release|Any CPU
		{27090115-AAC4-49A9-B92B-060F468AE768}.Debug|Any CPU.ActiveCfg = Debug|Any CPU
		{27090115-AAC4-49A9-B92B-060F468AE768}.Debug|x64.ActiveCfg = Debug|Any CPU
		{27090115-AAC4-49A9-B92B-060F468AE768}.Debug|x86.ActiveCfg = Debug|Any CPU
		{27090115-AAC4-49A9-B92B-060F468AE768}.Release|Any CPU.ActiveCfg = Release|Any CPU
		{27090115-AAC4-49A9-B92B-060F468AE768}.Release|x64.ActiveCfg = Release|Any CPU
		{27090115-AAC4-49A9-B92B-060F468AE768}.Release|x86.ActiveCfg = Release|Any CPU
	EndGlobalSection
	GlobalSection(SolutionProperties) = preSolution
		HideSolutionNode = FALSE
	EndGlobalSection
EndGlobal
